{
  "version": "3",
  "packages": {
    "specifiers": {
      "npm:@ts-morph/bootstrap": "npm:@ts-morph/bootstrap@0.22.0",
      "npm:fractional-indexing": "npm:fractional-indexing@3.2.0",
      "npm:react-dom@canary": "npm:react-dom@18.3.0-canary-bbb9cb116-20231117_react@18.3.0-canary-bbb9cb116-20231117",
      "npm:react@canary": "npm:react@18.3.0-canary-bbb9cb116-20231117"
    },
    "npm": {
      "@nodelib/fs.scandir@2.1.5": {
        "integrity": "sha512-vq24Bq3ym5HEQm2NKCr3yXDwjc7vTsEThRDnkp2DK9p1uqLR+DHurm/NOTo0KG7HYHU7eppKZj3MyqYuMBf62g==",
        "dependencies": {
          "@nodelib/fs.stat": "@nodelib/fs.stat@2.0.5",
          "run-parallel": "run-parallel@1.2.0"
        }
      },
      "@nodelib/fs.stat@2.0.5": {
        "integrity": "sha512-RkhPPp2zrqDAQA/2jNhnztcPAlv64XdhIp7a7454A5ovI7Bukxgt7MX7udwAu3zg1DcpPU0rz3VV1SeaqvY4+A==",
        "dependencies": {}
      },
      "@nodelib/fs.walk@1.2.8": {
        "integrity": "sha512-oGB+UxlgWcgQkgwo8GcEGwemoTFt3FIO9ababBmaGwXIoBKZ+GTy0pP185beGg7Llih/NSHSV2XAs1lnznocSg==",
        "dependencies": {
          "@nodelib/fs.scandir": "@nodelib/fs.scandir@2.1.5",
          "fastq": "fastq@1.15.0"
        }
      },
      "@ts-morph/bootstrap@0.22.0": {
        "integrity": "sha512-MI5q7pid4swAlE2lcHwHRa6rcjoIMyT6fy8uuZm8BGg7DHGi/H5bQ0GMZzbk3N0r/LfStMdOYPkl+3IwvfIQ2g==",
        "dependencies": {
          "@ts-morph/common": "@ts-morph/common@0.22.0"
        }
      },
      "@ts-morph/common@0.22.0": {
        "integrity": "sha512-HqNBuV/oIlMKdkLshXd1zKBqNQCsuPEsgQOkfFQ/eUKjRlwndXW1AjN9LVkBEIukm00gGXSRmfkl0Wv5VXLnlw==",
        "dependencies": {
          "fast-glob": "fast-glob@3.3.2",
          "minimatch": "minimatch@9.0.3",
          "mkdirp": "mkdirp@3.0.1",
          "path-browserify": "path-browserify@1.0.1"
        }
      },
      "balanced-match@1.0.2": {
        "integrity": "sha512-3oSeUO0TMV67hN1AmbXsK4yaqU7tjiHlbxRDZOpH0KW9+CeX4bRAaX0Anxt0tx2MrpRpWwQaPwIlISEJhYU5Pw==",
        "dependencies": {}
      },
      "brace-expansion@2.0.1": {
        "integrity": "sha512-XnAIvQ8eM+kC6aULx6wuQiwVsnzsi9d3WxzV3FpWTGA19F621kwdbsAcFKXgKUHZWsy+mY6iL1sHTxWEFCytDA==",
        "dependencies": {
          "balanced-match": "balanced-match@1.0.2"
        }
      },
      "braces@3.0.2": {
        "integrity": "sha512-b8um+L1RzM3WDSzvhm6gIz1yfTbBt6YTlcEKAvsmqCZZFw46z626lVj9j1yEPW33H5H+lBQpZMP1k8l+78Ha0A==",
        "dependencies": {
          "fill-range": "fill-range@7.0.1"
        }
      },
      "fast-glob@3.3.2": {
        "integrity": "sha512-oX2ruAFQwf/Orj8m737Y5adxDQO0LAB7/S5MnxCdTNDd4p6BsyIVsv9JQsATbTSq8KHRpLwIHbVlUNatxd+1Ow==",
        "dependencies": {
          "@nodelib/fs.stat": "@nodelib/fs.stat@2.0.5",
          "@nodelib/fs.walk": "@nodelib/fs.walk@1.2.8",
          "glob-parent": "glob-parent@5.1.2",
          "merge2": "merge2@1.4.1",
          "micromatch": "micromatch@4.0.5"
        }
      },
      "fastq@1.15.0": {
        "integrity": "sha512-wBrocU2LCXXa+lWBt8RoIRD89Fi8OdABODa/kEnyeyjS5aZO5/GNvI5sEINADqP/h8M29UHTHUb53sUu5Ihqdw==",
        "dependencies": {
          "reusify": "reusify@1.0.4"
        }
      },
      "fill-range@7.0.1": {
        "integrity": "sha512-qOo9F+dMUmC2Lcb4BbVvnKJxTPjCm+RRpe4gDuGrzkL7mEVl/djYSu2OdQ2Pa302N4oqkSg9ir6jaLWJ2USVpQ==",
        "dependencies": {
          "to-regex-range": "to-regex-range@5.0.1"
        }
      },
      "fractional-indexing@3.2.0": {
        "integrity": "sha512-PcOxmqwYCW7O2ovKRU8OoQQj2yqTfEB/yeTYk4gPid6dN5ODRfU1hXd9tTVZzax/0NkO7AxpHykvZnT1aYp/BQ==",
        "dependencies": {}
      },
      "glob-parent@5.1.2": {
        "integrity": "sha512-AOIgSQCepiJYwP3ARnGx+5VnTu2HBYdzbGP45eLw1vr3zB3vZLeyed1sC9hnbcOc9/SrMyM5RPQrkGz4aS9Zow==",
        "dependencies": {
          "is-glob": "is-glob@4.0.3"
        }
      },
      "is-extglob@2.1.1": {
        "integrity": "sha512-SbKbANkN603Vi4jEZv49LeVJMn4yGwsbzZworEoyEiutsN3nJYdbO36zfhGJ6QEDpOZIFkDtnq5JRxmvl3jsoQ==",
        "dependencies": {}
      },
      "is-glob@4.0.3": {
        "integrity": "sha512-xelSayHH36ZgE7ZWhli7pW34hNbNl8Ojv5KVmkJD4hBdD3th8Tfk9vYasLM+mXWOZhFkgZfxhLSnrwRr4elSSg==",
        "dependencies": {
          "is-extglob": "is-extglob@2.1.1"
        }
      },
      "is-number@7.0.0": {
        "integrity": "sha512-41Cifkg6e8TylSpdtTpeLVMqvSBEVzTttHvERD741+pnZ8ANv0004MRL43QKPDlK9cGvNp6NZWZUBlbGXYxxng==",
        "dependencies": {}
      },
      "js-tokens@4.0.0": {
        "integrity": "sha512-RdJUflcE3cUzKiMqQgsCu06FPu9UdIJO0beYbPhHN4k6apgJtifcoCtT9bcxOpYBtpD2kCM6Sbzg4CausW/PKQ==",
        "dependencies": {}
      },
      "loose-envify@1.4.0": {
        "integrity": "sha512-lyuxPGr/Wfhrlem2CL/UcnUc1zcqKAImBDzukY7Y5F/yQiNdko6+fRLevlw1HgMySw7f611UIY408EtxRSoK3Q==",
        "dependencies": {
          "js-tokens": "js-tokens@4.0.0"
        }
      },
      "merge2@1.4.1": {
        "integrity": "sha512-8q7VEgMJW4J8tcfVPy8g09NcQwZdbwFEqhe/WZkoIzjn/3TGDwtOCYtXGxA3O8tPzpczCCDgv+P2P5y00ZJOOg==",
        "dependencies": {}
      },
      "micromatch@4.0.5": {
        "integrity": "sha512-DMy+ERcEW2q8Z2Po+WNXuw3c5YaUSFjAO5GsJqfEl7UjvtIuFKO6ZrKvcItdy98dwFI2N1tg3zNIdKaQT+aNdA==",
        "dependencies": {
          "braces": "braces@3.0.2",
          "picomatch": "picomatch@2.3.1"
        }
      },
      "minimatch@9.0.3": {
        "integrity": "sha512-RHiac9mvaRw0x3AYRgDC1CxAP7HTcNrrECeA8YYJeWnpo+2Q5CegtZjaotWTWxDG3UeGA1coE05iH1mPjT/2mg==",
        "dependencies": {
          "brace-expansion": "brace-expansion@2.0.1"
        }
      },
      "mkdirp@3.0.1": {
        "integrity": "sha512-+NsyUUAZDmo6YVHzL/stxSu3t9YS1iljliy3BSDrXJ/dkn1KYdmtZODGGjLcc9XLgVVpH4KshHB8XmZgMhaBXg==",
        "dependencies": {}
      },
      "path-browserify@1.0.1": {
        "integrity": "sha512-b7uo2UCUOYZcnF/3ID0lulOJi/bafxa1xPe7ZPsammBSpjSWQkjNxlt635YGS2MiR9GjvuXCtz2emr3jbsz98g==",
        "dependencies": {}
      },
      "picomatch@2.3.1": {
        "integrity": "sha512-JU3teHTNjmE2VCGFzuY8EXzCDVwEqB2a8fsIvwaStHhAWJEeVd1o1QD80CU6+ZdEXXSLbSsuLwJjkCBWqRQUVA==",
        "dependencies": {}
      },
      "queue-microtask@1.2.3": {
        "integrity": "sha512-NuaNSa6flKT5JaSYQzJok04JzTL1CA6aGhv5rfLW3PgqA+M2ChpZQnAC8h8i4ZFkBS8X5RqkDBHA7r4hej3K9A==",
        "dependencies": {}
      },
      "react-dom@18.3.0-canary-bbb9cb116-20231117_react@18.3.0-canary-bbb9cb116-20231117": {
        "integrity": "sha512-IqCGG/8HSZlQoAlj7regk6q2H7buXAV5lyB3XEJ0PEQEBYNv+g5hBnkVfFxaZTtYFaP2oeCMwEx39hZfEDaiNQ==",
        "dependencies": {
          "loose-envify": "loose-envify@1.4.0",
          "react": "react@18.3.0-canary-bbb9cb116-20231117",
          "scheduler": "scheduler@0.24.0-canary-bbb9cb116-20231117"
        }
      },
      "react@18.3.0-canary-bbb9cb116-20231117": {
        "integrity": "sha512-zJ7KfrZrgeak9G+V+DhHZUJHMdVHzoPYyx0xRvdrs3dPGKYQdN10P/DWHrrO9d9kR9xEabKNLP/gpXioeMsRGQ==",
        "dependencies": {
          "loose-envify": "loose-envify@1.4.0"
        }
      },
      "reusify@1.0.4": {
        "integrity": "sha512-U9nH88a3fc/ekCF1l0/UP1IosiuIjyTh7hBvXVMHYgVcfGvt897Xguj2UOLDeI5BG2m7/uwyaLVT6fbtCwTyzw==",
        "dependencies": {}
      },
      "run-parallel@1.2.0": {
        "integrity": "sha512-5l4VyZR86LZ/lDxZTR6jqL8AFE2S0IFLMP26AbjsLVADxHdhB/c0GUsH+y39UfCi3dzz8OlQuPmnaJOMoDHQBA==",
        "dependencies": {
          "queue-microtask": "queue-microtask@1.2.3"
        }
      },
      "scheduler@0.24.0-canary-bbb9cb116-20231117": {
        "integrity": "sha512-VdcDXtQfRhFoGE+9QH0Cv0ThdTjaYNMiicKnBdm/uv2bUDILm9quCNBwBWsLJURRWVNO/TBtorokusi6VRKnsg==",
        "dependencies": {
          "loose-envify": "loose-envify@1.4.0"
        }
      },
      "to-regex-range@5.0.1": {
        "integrity": "sha512-65P7iz6X5yEr1cwcgvQxbbIw7Uk3gOy5dIdtZ4rDveLqhrdJP+Li/Hx6tyK0NEb+2GCyneCMJiGqrADCSNk8sQ==",
        "dependencies": {
          "is-number": "is-number@7.0.0"
        }
      }
    }
  },
  "redirects": {
    "https://esm.sh/react@canary/jsx-runtime": "https://esm.sh/react@18.3.0-canary-2bc7d336a-20240205/jsx-runtime",
    "https://esm.sh/v128/@types/react@^18/jsx-runtime~.d.ts": "https://esm.sh/v128/@types/react@18.2.38/jsx-runtime~.d.ts",
    "https://esm.sh/v128/@types/react@~18.2/jsx-runtime~.d.ts": "https://esm.sh/v128/@types/react@18.2.38/jsx-runtime~.d.ts"
  },
  "remote": {
    "https://deno.land/std@0.188.0/_util/asserts.ts": "178dfc49a464aee693a7e285567b3d0b555dc805ff490505a8aae34f9cfb1462",
    "https://deno.land/std@0.188.0/_util/os.ts": "d932f56d41e4f6a6093d56044e29ce637f8dcc43c5a90af43504a889cf1775e3",
    "https://deno.land/std@0.188.0/fs/_util.ts": "579038bebc3bd35c43a6a7766f7d91fbacdf44bc03468e9d3134297bb99ed4f9",
    "https://deno.land/std@0.188.0/fs/ensure_dir.ts": "dc64c4c75c64721d4e3fb681f1382f803ff3d2868f08563ff923fdd20d071c40",
    "https://deno.land/std@0.188.0/path/_constants.ts": "e49961f6f4f48039c0dfed3c3f93e963ca3d92791c9d478ac5b43183413136e0",
    "https://deno.land/std@0.188.0/path/_interface.ts": "6471159dfbbc357e03882c2266d21ef9afdb1e4aa771b0545e90db58a0ba314b",
    "https://deno.land/std@0.188.0/path/_util.ts": "d7abb1e0dea065f427b89156e28cdeb32b045870acdf865833ba808a73b576d0",
    "https://deno.land/std@0.188.0/path/common.ts": "ee7505ab01fd22de3963b64e46cff31f40de34f9f8de1fff6a1bd2fe79380000",
    "https://deno.land/std@0.188.0/path/glob.ts": "d479e0a695621c94d3fd7fe7abd4f9499caf32a8de13f25073451c6ef420a4e1",
    "https://deno.land/std@0.188.0/path/mod.ts": "ee161baec5ded6510ee1d1fb6a75a0f5e4b41f3f3301c92c716ecbdf7dae910d",
    "https://deno.land/std@0.188.0/path/posix.ts": "8b7c67ac338714b30c816079303d0285dd24af6b284f7ad63da5b27372a2c94d",
    "https://deno.land/std@0.188.0/path/separator.ts": "0fb679739d0d1d7bf45b68dacfb4ec7563597a902edbaf3c59b50d5bcadd93b1",
    "https://deno.land/std@0.188.0/path/win32.ts": "d186344e5583bcbf8b18af416d13d82b35a317116e6460a5a3953508c3de5bba",
    "https://deno.land/std@0.200.0/assert/assert.ts": "9a97dad6d98c238938e7540736b826440ad8c1c1e54430ca4c4e623e585607ee",
    "https://deno.land/std@0.200.0/assert/assertion_error.ts": "4d0bde9b374dfbcbe8ac23f54f567b77024fb67dbb1906a852d67fe050d42f56",
    "https://deno.land/std@0.200.0/flags/mod.ts": "a5ac18af6583404f21ea03771f8816669d901e0ff4374020870334d6f61d73d5",
    "https://deno.land/std@0.207.0/assert/assert.ts": "9a97dad6d98c238938e7540736b826440ad8c1c1e54430ca4c4e623e585607ee",
    "https://deno.land/std@0.207.0/assert/assertion_error.ts": "4d0bde9b374dfbcbe8ac23f54f567b77024fb67dbb1906a852d67fe050d42f56",
    "https://deno.land/std@0.207.0/crypto/_fnv/fnv32.ts": "e4649dfdefc5c987ed53c3c25db62db771a06d9d1b9c36d2b5cf0853b8e82153",
    "https://deno.land/std@0.207.0/crypto/_fnv/fnv64.ts": "bfa0e4702061fdb490a14e6bf5f9168a22fb022b307c5723499469bfefca555e",
    "https://deno.land/std@0.207.0/crypto/_fnv/mod.ts": "f956a95f58910f223e420340b7404702ecd429603acd4491fa77af84f746040c",
    "https://deno.land/std@0.207.0/crypto/_fnv/util.ts": "accba12bfd80a352e32a872f87df2a195e75561f1b1304a4cb4f5a4648d288f9",
    "https://deno.land/std@0.207.0/crypto/_wasm/lib/deno_std_wasm_crypto.generated.mjs": "6dd6f8d5061b7805579e954059a01aeec95636aac8fd408feb4352757cde71ae",
    "https://deno.land/std@0.207.0/crypto/_wasm/mod.ts": "c4386f0ee80968faa82079cc21066aba2147bd6ca74ae45f1478fca7dbca804a",
    "https://deno.land/std@0.207.0/crypto/crypto.ts": "a85295caff8b56ea43b91d57e92af89d6abf809a6eae5a25e18304bc0088b2aa",
    "https://deno.land/std@0.207.0/crypto/mod.ts": "e49caf22e980db882b917c48ac119e44c46ab57399cb565c2cd3138f8c33835e",
    "https://deno.land/std@0.207.0/crypto/timing_safe_equal.ts": "f6edc08d702f660b1ab3505b74d53a9d499e34a1351f6ab70f5ce8653fee8fb7",
    "https://deno.land/std@0.207.0/crypto/to_hash_string.ts": "5a687ffee6b54c935a84394c8f2394c2e1bf62bbff0f855b8ab6f5669e47cc8a",
    "https://deno.land/std@0.207.0/crypto/unstable_keystack.ts": "c53d746f91a2c6844b92fe6d8670af92d4de19d12af677406700f8ad61466bde",
    "https://deno.land/std@0.207.0/encoding/_util.ts": "f368920189c4fe6592ab2e93bd7ded8f3065b84f95cd3e036a4a10a75649dcba",
    "https://deno.land/std@0.207.0/encoding/base64.ts": "81c0ecff5ccb402def58ca03d8bd245bd01da15a077d3362b568e991aa10f4d9",
    "https://deno.land/std@0.207.0/encoding/base64url.ts": "b15a4c8c988362536334a31dbb75a2429346f8c0f9e2662f961567c5dd2f58e1",
    "https://deno.land/std@0.207.0/encoding/hex.ts": "a384101d02cd87036c708f540825feb5b073c8527a00d635e48b2e69c992a5f9",
    "https://deno.land/std@0.213.0/fs/_get_file_info_type.ts": "da7bec18a7661dba360a1db475b826b18977582ce6fc9b25f3d4ee0403fe8cbd",
    "https://deno.land/std@0.213.0/fs/ensure_dir.ts": "dffff68de0d10799b5aa9e39dec4e327e12bbd29e762292193684542648c4aeb",
    "https://esm.sh/preact@10.19.2/jsx-runtime": "2a4111d9aa667a3e3776ffd9082d00d63f6960c038d01620d79f80645ecc049d",
    "https://esm.sh/stable/preact@10.19.2/denonext/jsx-runtime.js": "f196c14042fc6019f3fed31eec7cfedea4669d0926858939380a5f54bd503798",
    "https://esm.sh/stable/preact@10.19.2/denonext/preact.mjs": "dc999b6432dc04d74ad7b692a8801f346294d815266dff915d0f222c120fd0b0"
  }
}
